
Microsoft Visual Studio Solution File, Format Version 12.00
# Visual Studio Version 16
VisualStudioVersion = 16.0.30907.101
MinimumVisualStudioVersion = 10.0.40219.1
Project("{2150E333-8FDC-42A3-9474-1A3956D46DE8}") = "src", "src", "{5F2448D7-A48A-4FF6-8F04-44E26E2FFE6D}"
EndProject
Project("{2150E333-8FDC-42A3-9474-1A3956D46DE8}") = "Catalog", "Catalog", "{E88D3334-8DC2-48BC-B8CF-CD2BB52740A1}"
EndProject
Project("{9A19103F-16F7-4668-BE54-9A1E7A4F7556}") = "Catalog.API", "src\Catalog\Catalog.API\Catalog.API.csproj", "{A1DE9F64-19A6-4E6F-A047-D0EDE3747AF8}"
EndProject
Project("{E53339B2-1760-4266-BCC7-CA923CBCF16C}") = "docker-compose", "docker-compose.dcproj", "{BB23B7E8-ED28-4F05-90A3-89B7CFAB8DA9}"
EndProject
Project("{2150E333-8FDC-42A3-9474-1A3956D46DE8}") = "Basket", "Basket", "{8CA6BC9E-3F6C-431C-983C-DFE294217078}"
EndProject
Project("{9A19103F-16F7-4668-BE54-9A1E7A4F7556}") = "Basket.API", "src\Basket\Basket.API\Basket.API.csproj", "{3719124F-60D8-4287-B28D-E47CA7FEF84E}"
EndProject
Project("{2150E333-8FDC-42A3-9474-1A3956D46DE8}") = "Common", "Common", "{64BA97FD-D1A5-4ADE-B28E-909C8E58D837}"
EndProject
Project("{9A19103F-16F7-4668-BE54-9A1E7A4F7556}") = "EventBusRabbitMQ", "src\Common\EventBusRabbitMQ\EventBusRabbitMQ.csproj", "{4BF9B576-27BA-4472-AC62-208716DC449B}"
EndProject
Project("{2150E333-8FDC-42A3-9474-1A3956D46DE8}") = "Ordering", "Ordering", "{F5BD50AD-5657-41CF-8D57-2985FB3C691C}"
EndProject
Project("{9A19103F-16F7-4668-BE54-9A1E7A4F7556}") = "Ordering.API", "src\Ordering\Ordering.API\Ordering.API.csproj", "{9F64BEEA-5D3F-48BF-ACE3-071C3693F5B6}"
EndProject
Project("{9A19103F-16F7-4668-BE54-9A1E7A4F7556}") = "Ordering.Core", "src\Ordering\Ordering.Core\Ordering.Core.csproj", "{C94561F4-09A7-4128-81AB-010C17C55EDB}"
EndProject
Project("{9A19103F-16F7-4668-BE54-9A1E7A4F7556}") = "Ordering.Infrastructure", "src\Ordering\Ordering.Infrastructure\Ordering.Infrastructure.csproj", "{452CC99A-E7A8-454C-AB78-6E451D8C2289}"
EndProject
Project("{9A19103F-16F7-4668-BE54-9A1E7A4F7556}") = "Ordering.Application", "src\Ordering\Ordering.Application\Ordering.Application.csproj", "{239A0335-31AA-49FA-A5E5-41E6B1000641}"
EndProject
Project("{2150E333-8FDC-42A3-9474-1A3956D46DE8}") = "ApiGateway", "ApiGateway", "{D211687B-406D-4931-BAFC-93B699BE6989}"
EndProject
Project("{9A19103F-16F7-4668-BE54-9A1E7A4F7556}") = "OcelotApiGateway", "src\ApiGateway\OcelotApiGateway\OcelotApiGateway.csproj", "{01B6941C-14C1-4917-A0EA-0E9C685CE1E8}"
EndProject
Project("{2150E333-8FDC-42A3-9474-1A3956D46DE8}") = "WebApp", "WebApp", "{B79D98EF-A1DF-4DA0-8E6C-98D3E8C2ACC9}"
EndProject
Project("{9A19103F-16F7-4668-BE54-9A1E7A4F7556}") = "AspnetRunBasics", "src\WebApp\AspnetRunBasics\AspnetRunBasics.csproj", "{E728F7BC-E227-4D56-ABBF-EF0485350602}"
EndProject
Global
	GlobalSection(SolutionConfigurationPlatforms) = preSolution
		Debug|Any CPU = Debug|Any CPU
		Release|Any CPU = Release|Any CPU
	EndGlobalSection
	GlobalSection(ProjectConfigurationPlatforms) = postSolution
		{A1DE9F64-19A6-4E6F-A047-D0EDE3747AF8}.Debug|Any CPU.ActiveCfg = Debug|Any CPU
		{A1DE9F64-19A6-4E6F-A047-D0EDE3747AF8}.Debug|Any CPU.Build.0 = Debug|Any CPU
		{A1DE9F64-19A6-4E6F-A047-D0EDE3747AF8}.Release|Any CPU.ActiveCfg = Release|Any CPU
		{A1DE9F64-19A6-4E6F-A047-D0EDE3747AF8}.Release|Any CPU.Build.0 = Release|Any CPU
		{BB23B7E8-ED28-4F05-90A3-89B7CFAB8DA9}.Debug|Any CPU.ActiveCfg = Debug|Any CPU
		{BB23B7E8-ED28-4F05-90A3-89B7CFAB8DA9}.Debug|Any CPU.Build.0 = Debug|Any CPU
		{BB23B7E8-ED28-4F05-90A3-89B7CFAB8DA9}.Release|Any CPU.ActiveCfg = Release|Any CPU
		{BB23B7E8-ED28-4F05-90A3-89B7CFAB8DA9}.Release|Any CPU.Build.0 = Release|Any CPU
		{3719124F-60D8-4287-B28D-E47CA7FEF84E}.Debug|Any CPU.ActiveCfg = Debug|Any CPU
		{3719124F-60D8-4287-B28D-E47CA7FEF84E}.Debug|Any CPU.Build.0 = Debug|Any CPU
		{3719124F-60D8-4287-B28D-E47CA7FEF84E}.Release|Any CPU.ActiveCfg = Release|Any CPU
		{3719124F-60D8-4287-B28D-E47CA7FEF84E}.Release|Any CPU.Build.0 = Release|Any CPU
		{4BF9B576-27BA-4472-AC62-208716DC449B}.Debug|Any CPU.ActiveCfg = Debug|Any CPU
		{4BF9B576-27BA-4472-AC62-208716DC449B}.Debug|Any CPU.Build.0 = Debug|Any CPU
		{4BF9B576-27BA-4472-AC62-208716DC449B}.Release|Any CPU.ActiveCfg = Release|Any CPU
		{4BF9B576-27BA-4472-AC62-208716DC449B}.Release|Any CPU.Build.0 = Release|Any CPU
		{9F64BEEA-5D3F-48BF-ACE3-071C3693F5B6}.Debug|Any CPU.ActiveCfg = Debug|Any CPU
		{9F64BEEA-5D3F-48BF-ACE3-071C3693F5B6}.Debug|Any CPU.Build.0 = Debug|Any CPU
		{9F64BEEA-5D3F-48BF-ACE3-071C3693F5B6}.Release|Any CPU.ActiveCfg = Release|Any CPU
		{9F64BEEA-5D3F-48BF-ACE3-071C3693F5B6}.Release|Any CPU.Build.0 = Release|Any CPU
		{C94561F4-09A7-4128-81AB-010C17C55EDB}.Debug|Any CPU.ActiveCfg = Debug|Any CPU
		{C94561F4-09A7-4128-81AB-010C17C55EDB}.Debug|Any CPU.Build.0 = Debug|Any CPU
		{C94561F4-09A7-4128-81AB-010C17C55EDB}.Release|Any CPU.ActiveCfg = Release|Any CPU
		{C94561F4-09A7-4128-81AB-010C17C55EDB}.Release|Any CPU.Build.0 = Release|Any CPU
		{452CC99A-E7A8-454C-AB78-6E451D8C2289}.Debug|Any CPU.ActiveCfg = Debug|Any CPU
		{452CC99A-E7A8-454C-AB78-6E451D8C2289}.Debug|Any CPU.Build.0 = Debug|Any CPU
		{452CC99A-E7A8-454C-AB78-6E451D8C2289}.Release|Any CPU.ActiveCfg = Release|Any CPU
		{452CC99A-E7A8-454C-AB78-6E451D8C2289}.Release|Any CPU.Build.0 = Release|Any CPU
		{239A0335-31AA-49FA-A5E5-41E6B1000641}.Debug|Any CPU.ActiveCfg = Debug|Any CPU
		{239A0335-31AA-49FA-A5E5-41E6B1000641}.Debug|Any CPU.Build.0 = Debug|Any CPU
		{239A0335-31AA-49FA-A5E5-41E6B1000641}.Release|Any CPU.ActiveCfg = Release|Any CPU
		{239A0335-31AA-49FA-A5E5-41E6B1000641}.Release|Any CPU.Build.0 = Release|Any CPU
		{01B6941C-14C1-4917-A0EA-0E9C685CE1E8}.Debug|Any CPU.ActiveCfg = Debug|Any CPU
		{01B6941C-14C1-4917-A0EA-0E9C685CE1E8}.Debug|Any CPU.Build.0 = Debug|Any CPU
		{01B6941C-14C1-4917-A0EA-0E9C685CE1E8}.Release|Any CPU.ActiveCfg = Release|Any CPU
		{01B6941C-14C1-4917-A0EA-0E9C685CE1E8}.Release|Any CPU.Build.0 = Release|Any CPU
		{E728F7BC-E227-4D56-ABBF-EF0485350602}.Debug|Any CPU.ActiveCfg = Debug|Any CPU
		{E728F7BC-E227-4D56-ABBF-EF0485350602}.Debug|Any CPU.Build.0 = Debug|Any CPU
		{E728F7BC-E227-4D56-ABBF-EF0485350602}.Release|Any CPU.ActiveCfg = Release|Any CPU
		{E728F7BC-E227-4D56-ABBF-EF0485350602}.Release|Any CPU.Build.0 = Release|Any CPU
	EndGlobalSection
	GlobalSection(SolutionProperties) = preSolution
		HideSolutionNode = FALSE
	EndGlobalSection
	GlobalSection(NestedProjects) = preSolution
		{E88D3334-8DC2-48BC-B8CF-CD2BB52740A1} = {5F2448D7-A48A-4FF6-8F04-44E26E2FFE6D}
		{A1DE9F64-19A6-4E6F-A047-D0EDE3747AF8} = {E88D3334-8DC2-48BC-B8CF-CD2BB52740A1}
		{8CA6BC9E-3F6C-431C-983C-DFE294217078} = {5F2448D7-A48A-4FF6-8F04-44E26E2FFE6D}
		{3719124F-60D8-4287-B28D-E47CA7FEF84E} = {8CA6BC9E-3F6C-431C-983C-DFE294217078}
		{64BA97FD-D1A5-4ADE-B28E-909C8E58D837} = {5F2448D7-A48A-4FF6-8F04-44E26E2FFE6D}
		{4BF9B576-27BA-4472-AC62-208716DC449B} = {64BA97FD-D1A5-4ADE-B28E-909C8E58D837}
		{F5BD50AD-5657-41CF-8D57-2985FB3C691C} = {5F2448D7-A48A-4FF6-8F04-44E26E2FFE6D}
		{9F64BEEA-5D3F-48BF-ACE3-071C3693F5B6} = {F5BD50AD-5657-41CF-8D57-2985FB3C691C}
		{C94561F4-09A7-4128-81AB-010C17C55EDB} = {F5BD50AD-5657-41CF-8D57-2985FB3C691C}
		{452CC99A-E7A8-454C-AB78-6E451D8C2289} = {F5BD50AD-5657-41CF-8D57-2985FB3C691C}
		{239A0335-31AA-49FA-A5E5-41E6B1000641} = {F5BD50AD-5657-41CF-8D57-2985FB3C691C}
		{D211687B-406D-4931-BAFC-93B699BE6989} = {5F2448D7-A48A-4FF6-8F04-44E26E2FFE6D}
		{01B6941C-14C1-4917-A0EA-0E9C685CE1E8} = {D211687B-406D-4931-BAFC-93B699BE6989}
		{B79D98EF-A1DF-4DA0-8E6C-98D3E8C2ACC9} = {5F2448D7-A48A-4FF6-8F04-44E26E2FFE6D}
		{E728F7BC-E227-4D56-ABBF-EF0485350602} = {B79D98EF-A1DF-4DA0-8E6C-98D3E8C2ACC9}
	EndGlobalSection
	GlobalSection(ExtensibilityGlobals) = postSolution
		SolutionGuid = {75908CCE-04B4-4132-8DB9-0914C0D0019B}
	EndGlobalSection
EndGlobal
